// !$*UTF8*$!
{
	archiveVersion = 1;
	classes = {
	};
	objectVersion = 56;
	objects = {

/* Begin PBXBuildFile section */
		B5028C162A982134002FDC3D /* View+Extensions.swift in Sources */ = {isa = PBXBuildFile; fileRef = B5028C152A982133002FDC3D /* View+Extensions.swift */; };
		B53CFCFD2A9401C300399A84 /* Color+Extensions.swift in Sources */ = {isa = PBXBuildFile; fileRef = B53CFCFC2A9401C300399A84 /* Color+Extensions.swift */; };
		B53CFD002A9407F000399A84 /* ButtonView.swift in Sources */ = {isa = PBXBuildFile; fileRef = B53CFCFF2A9407F000399A84 /* ButtonView.swift */; };
		B55FB0702A9E82C70000584D /* ProfileImageWithNameView.swift in Sources */ = {isa = PBXBuildFile; fileRef = B55FB06F2A9E82C70000584D /* ProfileImageWithNameView.swift */; };
		B55FB0732A9E8B180000584D /* ModulesItemsView.swift in Sources */ = {isa = PBXBuildFile; fileRef = B55FB0722A9E8B180000584D /* ModulesItemsView.swift */; };
		B55FB0752A9E8B4F0000584D /* ModuleItemView.swift in Sources */ = {isa = PBXBuildFile; fileRef = B55FB0742A9E8B4F0000584D /* ModuleItemView.swift */; };
		B55FB0782A9E8CE50000584D /* ModuleItem.swift in Sources */ = {isa = PBXBuildFile; fileRef = B55FB0772A9E8CE50000584D /* ModuleItem.swift */; };
		B55FB07B2A9E9F580000584D /* BannerContactView.swift in Sources */ = {isa = PBXBuildFile; fileRef = B55FB07A2A9E9F580000584D /* BannerContactView.swift */; };
		B56547E52A903B490086CCB6 /* Image+Extensions.swift in Sources */ = {isa = PBXBuildFile; fileRef = B56547DD2A903B200086CCB6 /* Image+Extensions.swift */; };
		B56547E62A903B4C0086CCB6 /* LounchScreen.swift in Sources */ = {isa = PBXBuildFile; fileRef = B56547DF2A903B200086CCB6 /* LounchScreen.swift */; };
		B56547EE2A90425C0086CCB6 /* Assets.xcassets in Resources */ = {isa = PBXBuildFile; fileRef = B56547ED2A90425C0086CCB6 /* Assets.xcassets */; };
		B56547F32A90483D0086CCB6 /* TextFieldView.swift in Sources */ = {isa = PBXBuildFile; fileRef = B56547F22A90483D0086CCB6 /* TextFieldView.swift */; };
		B56547F62A9048BC0086CCB6 /* CustomTextField in Frameworks */ = {isa = PBXBuildFile; productRef = B56547F52A9048BC0086CCB6 /* CustomTextField */; };
		B56548082A904C210086CCB6 /* Font+Extensions.swift in Sources */ = {isa = PBXBuildFile; fileRef = B56548072A904C210086CCB6 /* Font+Extensions.swift */; };
/* End PBXBuildFile section */

/* Begin PBXFileReference section */
		B5028C152A982133002FDC3D /* View+Extensions.swift */ = {isa = PBXFileReference; lastKnownFileType = sourcecode.swift; path = "View+Extensions.swift"; sourceTree = "<group>"; };
		B53CFCFC2A9401C300399A84 /* Color+Extensions.swift */ = {isa = PBXFileReference; lastKnownFileType = sourcecode.swift; path = "Color+Extensions.swift"; sourceTree = "<group>"; };
		B53CFCFF2A9407F000399A84 /* ButtonView.swift */ = {isa = PBXFileReference; lastKnownFileType = sourcecode.swift; path = ButtonView.swift; sourceTree = "<group>"; };
		B55FB06F2A9E82C70000584D /* ProfileImageWithNameView.swift */ = {isa = PBXFileReference; lastKnownFileType = sourcecode.swift; path = ProfileImageWithNameView.swift; sourceTree = "<group>"; };
		B55FB0722A9E8B180000584D /* ModulesItemsView.swift */ = {isa = PBXFileReference; lastKnownFileType = sourcecode.swift; path = ModulesItemsView.swift; sourceTree = "<group>"; };
		B55FB0742A9E8B4F0000584D /* ModuleItemView.swift */ = {isa = PBXFileReference; lastKnownFileType = sourcecode.swift; path = ModuleItemView.swift; sourceTree = "<group>"; };
		B55FB0772A9E8CE50000584D /* ModuleItem.swift */ = {isa = PBXFileReference; lastKnownFileType = sourcecode.swift; path = ModuleItem.swift; sourceTree = "<group>"; };
		B55FB07A2A9E9F580000584D /* BannerContactView.swift */ = {isa = PBXFileReference; lastKnownFileType = sourcecode.swift; path = BannerContactView.swift; sourceTree = "<group>"; };
		B56547CB2A903B050086CCB6 /* DesignSystem.framework */ = {isa = PBXFileReference; explicitFileType = wrapper.framework; includeInIndex = 0; path = DesignSystem.framework; sourceTree = BUILT_PRODUCTS_DIR; };
		B56547DD2A903B200086CCB6 /* Image+Extensions.swift */ = {isa = PBXFileReference; lastKnownFileType = sourcecode.swift; path = "Image+Extensions.swift"; sourceTree = "<group>"; };
		B56547DF2A903B200086CCB6 /* LounchScreen.swift */ = {isa = PBXFileReference; lastKnownFileType = sourcecode.swift; path = LounchScreen.swift; sourceTree = "<group>"; };
		B56547ED2A90425C0086CCB6 /* Assets.xcassets */ = {isa = PBXFileReference; lastKnownFileType = folder.assetcatalog; path = Assets.xcassets; sourceTree = "<group>"; };
		B56547F22A90483D0086CCB6 /* TextFieldView.swift */ = {isa = PBXFileReference; lastKnownFileType = sourcecode.swift; path = TextFieldView.swift; sourceTree = "<group>"; };
		B56548062A904B730086CCB6 /* Info.plist */ = {isa = PBXFileReference; lastKnownFileType = text.plist; path = Info.plist; sourceTree = "<group>"; };
		B56548072A904C210086CCB6 /* Font+Extensions.swift */ = {isa = PBXFileReference; lastKnownFileType = sourcecode.swift; path = "Font+Extensions.swift"; sourceTree = "<group>"; };
/* End PBXFileReference section */

/* Begin PBXFrameworksBuildPhase section */
		B56547C82A903B050086CCB6 /* Frameworks */ = {
			isa = PBXFrameworksBuildPhase;
			buildActionMask = 2147483647;
			files = (
				B56547F62A9048BC0086CCB6 /* CustomTextField in Frameworks */,
			);
			runOnlyForDeploymentPostprocessing = 0;
		};
/* End PBXFrameworksBuildPhase section */

/* Begin PBXGroup section */
		B53CFCFE2A9407E300399A84 /* Button */ = {
			isa = PBXGroup;
			children = (
				B53CFCFF2A9407F000399A84 /* ButtonView.swift */,
			);
			path = Button;
			sourceTree = "<group>";
		};
		B55FB06E2A9E82B20000584D /* ProfileImageWithName */ = {
			isa = PBXGroup;
			children = (
				B55FB06F2A9E82C70000584D /* ProfileImageWithNameView.swift */,
			);
			path = ProfileImageWithName;
			sourceTree = "<group>";
		};
		B55FB0712A9E8AE40000584D /* ModulesItems */ = {
			isa = PBXGroup;
			children = (
				B55FB0762A9E8CD90000584D /* Model */,
				B55FB0722A9E8B180000584D /* ModulesItemsView.swift */,
				B55FB0742A9E8B4F0000584D /* ModuleItemView.swift */,
			);
			path = ModulesItems;
			sourceTree = "<group>";
		};
		B55FB0762A9E8CD90000584D /* Model */ = {
			isa = PBXGroup;
			children = (
				B55FB0772A9E8CE50000584D /* ModuleItem.swift */,
			);
			path = Model;
			sourceTree = "<group>";
		};
		B55FB0792A9E9F450000584D /* BannerContact */ = {
			isa = PBXGroup;
			children = (
				B55FB07A2A9E9F580000584D /* BannerContactView.swift */,
			);
			path = BannerContact;
			sourceTree = "<group>";
		};
		B56547C12A903B050086CCB6 = {
			isa = PBXGroup;
			children = (
				B56547CD2A903B050086CCB6 /* DesignSystem */,
				B56547CC2A903B050086CCB6 /* Products */,
			);
			sourceTree = "<group>";
		};
		B56547CC2A903B050086CCB6 /* Products */ = {
			isa = PBXGroup;
			children = (
				B56547CB2A903B050086CCB6 /* DesignSystem.framework */,
			);
			name = Products;
			sourceTree = "<group>";
		};
		B56547CD2A903B050086CCB6 /* DesignSystem */ = {
			isa = PBXGroup;
			children = (
				B56548062A904B730086CCB6 /* Info.plist */,
				B56547E32A903B200086CCB6 /* Resource */,
				B56547F82A904ADA0086CCB6 /* Source */,
			);
			path = DesignSystem;
			sourceTree = "<group>";
		};
		B56547DE2A903B200086CCB6 /* Extensions */ = {
			isa = PBXGroup;
			children = (
				B56547DD2A903B200086CCB6 /* Image+Extensions.swift */,
				B56548072A904C210086CCB6 /* Font+Extensions.swift */,
				B53CFCFC2A9401C300399A84 /* Color+Extensions.swift */,
				B5028C152A982133002FDC3D /* View+Extensions.swift */,
			);
			path = Extensions;
			sourceTree = "<group>";
		};
		B56547E02A903B200086CCB6 /* LounchScreen */ = {
			isa = PBXGroup;
			children = (
				B56547DF2A903B200086CCB6 /* LounchScreen.swift */,
			);
			path = LounchScreen;
			sourceTree = "<group>";
		};
		B56547E12A903B200086CCB6 /* Components */ = {
			isa = PBXGroup;
			children = (
				B55FB0792A9E9F450000584D /* BannerContact */,
				B55FB0712A9E8AE40000584D /* ModulesItems */,
				B55FB06E2A9E82B20000584D /* ProfileImageWithName */,
				B53CFCFE2A9407E300399A84 /* Button */,
				B56547F12A90482C0086CCB6 /* TextField */,
				B56547E02A903B200086CCB6 /* LounchScreen */,
			);
			path = Components;
			sourceTree = "<group>";
		};
		B56547E32A903B200086CCB6 /* Resource */ = {
			isa = PBXGroup;
			children = (
				B56547DE2A903B200086CCB6 /* Extensions */,
				B56547ED2A90425C0086CCB6 /* Assets.xcassets */,
			);
			path = Resource;
			sourceTree = "<group>";
		};
		B56547F12A90482C0086CCB6 /* TextField */ = {
			isa = PBXGroup;
			children = (
				B56547F22A90483D0086CCB6 /* TextFieldView.swift */,
			);
			path = TextField;
			sourceTree = "<group>";
		};
		B56547F82A904ADA0086CCB6 /* Source */ = {
			isa = PBXGroup;
			children = (
				B56547E12A903B200086CCB6 /* Components */,
			);
			path = Source;
			sourceTree = "<group>";
		};
/* End PBXGroup section */

/* Begin PBXHeadersBuildPhase section */
		B56547C62A903B050086CCB6 /* Headers */ = {
			isa = PBXHeadersBuildPhase;
			buildActionMask = 2147483647;
			files = (
			);
			runOnlyForDeploymentPostprocessing = 0;
		};
/* End PBXHeadersBuildPhase section */

/* Begin PBXNativeTarget section */
		B56547CA2A903B050086CCB6 /* DesignSystem */ = {
			isa = PBXNativeTarget;
			buildConfigurationList = B56547D42A903B050086CCB6 /* Build configuration list for PBXNativeTarget "DesignSystem" */;
			buildPhases = (
				B56547C62A903B050086CCB6 /* Headers */,
				B56547C72A903B050086CCB6 /* Sources */,
				B56547C82A903B050086CCB6 /* Frameworks */,
				B56547C92A903B050086CCB6 /* Resources */,
			);
			buildRules = (
			);
			dependencies = (
			);
			name = DesignSystem;
			packageProductDependencies = (
				B56547F52A9048BC0086CCB6 /* CustomTextField */,
			);
			productName = DesignSystem;
			productReference = B56547CB2A903B050086CCB6 /* DesignSystem.framework */;
			productType = "com.apple.product-type.framework";
		};
/* End PBXNativeTarget section */

/* Begin PBXProject section */
		B56547C22A903B050086CCB6 /* Project object */ = {
			isa = PBXProject;
			attributes = {
				BuildIndependentTargetsInParallel = 1;
				LastUpgradeCheck = 1430;
				TargetAttributes = {
					B56547CA2A903B050086CCB6 = {
						CreatedOnToolsVersion = 14.3.1;
					};
				};
			};
			buildConfigurationList = B56547C52A903B050086CCB6 /* Build configuration list for PBXProject "DesignSystem" */;
			compatibilityVersion = "Xcode 14.0";
			developmentRegion = en;
			hasScannedForEncodings = 0;
			knownRegions = (
				en,
				Base,
			);
			mainGroup = B56547C12A903B050086CCB6;
			packageReferences = (
				B56547F42A9048BC0086CCB6 /* XCRemoteSwiftPackageReference "SwiftUI-Custom-TextField" */,
			);
			productRefGroup = B56547CC2A903B050086CCB6 /* Products */;
			projectDirPath = "";
			projectRoot = "";
			targets = (
				B56547CA2A903B050086CCB6 /* DesignSystem */,
			);
		};
/* End PBXProject section */

/* Begin PBXResourcesBuildPhase section */
		B56547C92A903B050086CCB6 /* Resources */ = {
			isa = PBXResourcesBuildPhase;
			buildActionMask = 2147483647;
			files = (
				B56547EE2A90425C0086CCB6 /* Assets.xcassets in Resources */,
			);
			runOnlyForDeploymentPostprocessing = 0;
		};
/* End PBXResourcesBuildPhase section */

/* Begin PBXSourcesBuildPhase section */
		B56547C72A903B050086CCB6 /* Sources */ = {
			isa = PBXSourcesBuildPhase;
			buildActionMask = 2147483647;
			files = (
				B53CFCFD2A9401C300399A84 /* Color+Extensions.swift in Sources */,
				B56547E62A903B4C0086CCB6 /* LounchScreen.swift in Sources */,
				B55FB0782A9E8CE50000584D /* ModuleItem.swift in Sources */,
				B55FB07B2A9E9F580000584D /* BannerContactView.swift in Sources */,
				B55FB0732A9E8B180000584D /* ModulesItemsView.swift in Sources */,
				B53CFD002A9407F000399A84 /* ButtonView.swift in Sources */,
				B5028C162A982134002FDC3D /* View+Extensions.swift in Sources */,
				B55FB0752A9E8B4F0000584D /* ModuleItemView.swift in Sources */,
				B56547E52A903B490086CCB6 /* Image+Extensions.swift in Sources */,
				B55FB0702A9E82C70000584D /* ProfileImageWithNameView.swift in Sources */,
				B56548082A904C210086CCB6 /* Font+Extensions.swift in Sources */,
				B56547F32A90483D0086CCB6 /* TextFieldView.swift in Sources */,
			);
			runOnlyForDeploymentPostprocessing = 0;
		};
/* End PBXSourcesBuildPhase section */

/* Begin XCBuildConfiguration section */
		B56547D22A903B050086CCB6 /* Debug */ = {
			isa = XCBuildConfiguration;
			buildSettings = {
				ALWAYS_SEARCH_USER_PATHS = NO;
				CLANG_ANALYZER_NONNULL = YES;
				CLANG_ANALYZER_NUMBER_OBJECT_CONVERSION = YES_AGGRESSIVE;
				CLANG_CXX_LANGUAGE_STANDARD = "gnu++20";
				CLANG_ENABLE_MODULES = YES;
				CLANG_ENABLE_OBJC_ARC = YES;
				CLANG_ENABLE_OBJC_WEAK = YES;
				CLANG_WARN_BLOCK_CAPTURE_AUTORELEASING = YES;
				CLANG_WARN_BOOL_CONVERSION = YES;
				CLANG_WARN_COMMA = YES;
				CLANG_WARN_CONSTANT_CONVERSION = YES;
				CLANG_WARN_DEPRECATED_OBJC_IMPLEMENTATIONS = YES;
				CLANG_WARN_DIRECT_OBJC_ISA_USAGE = YES_ERROR;
				CLANG_WARN_DOCUMENTATION_COMMENTS = YES;
				CLANG_WARN_EMPTY_BODY = YES;
				CLANG_WARN_ENUM_CONVERSION = YES;
				CLANG_WARN_INFINITE_RECURSION = YES;
				CLANG_WARN_INT_CONVERSION = YES;
				CLANG_WARN_NON_LITERAL_NULL_CONVERSION = YES;
				CLANG_WARN_OBJC_IMPLICIT_RETAIN_SELF = YES;
				CLANG_WARN_OBJC_LITERAL_CONVERSION = YES;
				CLANG_WARN_OBJC_ROOT_CLASS = YES_ERROR;
				CLANG_WARN_QUOTED_INCLUDE_IN_FRAMEWORK_HEADER = YES;
				CLANG_WARN_RANGE_LOOP_ANALYSIS = YES;
				CLANG_WARN_STRICT_PROTOTYPES = YES;
				CLANG_WARN_SUSPICIOUS_MOVE = YES;
				CLANG_WARN_UNGUARDED_AVAILABILITY = YES_AGGRESSIVE;
				CLANG_WARN_UNREACHABLE_CODE = YES;
				CLANG_WARN__DUPLICATE_METHOD_MATCH = YES;
				COPY_PHASE_STRIP = NO;
				CURRENT_PROJECT_VERSION = 1;
				DEBUG_INFORMATION_FORMAT = dwarf;
				ENABLE_STRICT_OBJC_MSGSEND = YES;
				ENABLE_TESTABILITY = YES;
				GCC_C_LANGUAGE_STANDARD = gnu11;
				GCC_DYNAMIC_NO_PIC = NO;
				GCC_NO_COMMON_BLOCKS = YES;
				GCC_OPTIMIZATION_LEVEL = 0;
				GCC_PREPROCESSOR_DEFINITIONS = (
					"DEBUG=1",
					"$(inherited)",
				);
				GCC_WARN_64_TO_32_BIT_CONVERSION = YES;
				GCC_WARN_ABOUT_RETURN_TYPE = YES_ERROR;
				GCC_WARN_UNDECLARED_SELECTOR = YES;
				GCC_WARN_UNINITIALIZED_AUTOS = YES_AGGRESSIVE;
				GCC_WARN_UNUSED_FUNCTION = YES;
				GCC_WARN_UNUSED_VARIABLE = YES;
				IPHONEOS_DEPLOYMENT_TARGET = 16.4;
				MTL_ENABLE_DEBUG_INFO = INCLUDE_SOURCE;
				MTL_FAST_MATH = YES;
				ONLY_ACTIVE_ARCH = YES;
				SDKROOT = iphoneos;
				SWIFT_ACTIVE_COMPILATION_CONDITIONS = DEBUG;
				SWIFT_OPTIMIZATION_LEVEL = "-Onone";
				VERSIONING_SYSTEM = "apple-generic";
				VERSION_INFO_PREFIX = "";
			};
			name = Debug;
		};
		B56547D32A903B050086CCB6 /* Release */ = {
			isa = XCBuildConfiguration;
			buildSettings = {
				ALWAYS_SEARCH_USER_PATHS = NO;
				CLANG_ANALYZER_NONNULL = YES;
				CLANG_ANALYZER_NUMBER_OBJECT_CONVERSION = YES_AGGRESSIVE;
				CLANG_CXX_LANGUAGE_STANDARD = "gnu++20";
				CLANG_ENABLE_MODULES = YES;
				CLANG_ENABLE_OBJC_ARC = YES;
				CLANG_ENABLE_OBJC_WEAK = YES;
				CLANG_WARN_BLOCK_CAPTURE_AUTORELEASING = YES;
				CLANG_WARN_BOOL_CONVERSION = YES;
				CLANG_WARN_COMMA = YES;
				CLANG_WARN_CONSTANT_CONVERSION = YES;
				CLANG_WARN_DEPRECATED_OBJC_IMPLEMENTATIONS = YES;
				CLANG_WARN_DIRECT_OBJC_ISA_USAGE = YES_ERROR;
				CLANG_WARN_DOCUMENTATION_COMMENTS = YES;
				CLANG_WARN_EMPTY_BODY = YES;
				CLANG_WARN_ENUM_CONVERSION = YES;
				CLANG_WARN_INFINITE_RECURSION = YES;
				CLANG_WARN_INT_CONVERSION = YES;
				CLANG_WARN_NON_LITERAL_NULL_CONVERSION = YES;
				CLANG_WARN_OBJC_IMPLICIT_RETAIN_SELF = YES;
				CLANG_WARN_OBJC_LITERAL_CONVERSION = YES;
				CLANG_WARN_OBJC_ROOT_CLASS = YES_ERROR;
				CLANG_WARN_QUOTED_INCLUDE_IN_FRAMEWORK_HEADER = YES;
				CLANG_WARN_RANGE_LOOP_ANALYSIS = YES;
				CLANG_WARN_STRICT_PROTOTYPES = YES;
				CLANG_WARN_SUSPICIOUS_MOVE = YES;
				CLANG_WARN_UNGUARDED_AVAILABILITY = YES_AGGRESSIVE;
				CLANG_WARN_UNREACHABLE_CODE = YES;
				CLANG_WARN__DUPLICATE_METHOD_MATCH = YES;
				COPY_PHASE_STRIP = NO;
				CURRENT_PROJECT_VERSION = 1;
				DEBUG_INFORMATION_FORMAT = "dwarf-with-dsym";
				ENABLE_NS_ASSERTIONS = NO;
				ENABLE_STRICT_OBJC_MSGSEND = YES;
				GCC_C_LANGUAGE_STANDARD = gnu11;
				GCC_NO_COMMON_BLOCKS = YES;
				GCC_WARN_64_TO_32_BIT_CONVERSION = YES;
				GCC_WARN_ABOUT_RETURN_TYPE = YES_ERROR;
				GCC_WARN_UNDECLARED_SELECTOR = YES;
				GCC_WARN_UNINITIALIZED_AUTOS = YES_AGGRESSIVE;
				GCC_WARN_UNUSED_FUNCTION = YES;
				GCC_WARN_UNUSED_VARIABLE = YES;
				IPHONEOS_DEPLOYMENT_TARGET = 16.4;
				MTL_ENABLE_DEBUG_INFO = NO;
				MTL_FAST_MATH = YES;
				SDKROOT = iphoneos;
				SWIFT_COMPILATION_MODE = wholemodule;
				SWIFT_OPTIMIZATION_LEVEL = "-O";
				VALIDATE_PRODUCT = YES;
				VERSIONING_SYSTEM = "apple-generic";
				VERSION_INFO_PREFIX = "";
			};
			name = Release;
		};
		B56547D52A903B050086CCB6 /* Debug */ = {
			isa = XCBuildConfiguration;
			buildSettings = {
				CODE_SIGN_STYLE = Automatic;
				CURRENT_PROJECT_VERSION = 1;
				DEFINES_MODULE = YES;
				DEVELOPMENT_TEAM = W57RM6BW9G;
				DYLIB_COMPATIBILITY_VERSION = 1;
				DYLIB_CURRENT_VERSION = 1;
				DYLIB_INSTALL_NAME_BASE = "@rpath";
				ENABLE_MODULE_VERIFIER = YES;
				GENERATE_INFOPLIST_FILE = YES;
				INFOPLIST_FILE = DesignSystem/Info.plist;
				INFOPLIST_KEY_NSHumanReadableCopyright = "";
				INSTALL_PATH = "$(LOCAL_LIBRARY_DIR)/Frameworks";
				LD_RUNPATH_SEARCH_PATHS = (
					"$(inherited)",
					"@executable_path/Frameworks",
					"@loader_path/Frameworks",
				);
				MARKETING_VERSION = 1.0;
				MODULE_VERIFIER_SUPPORTED_LANGUAGES = "objective-c objective-c++";
				MODULE_VERIFIER_SUPPORTED_LANGUAGE_STANDARDS = "gnu11 gnu++20";
				PRODUCT_BUNDLE_IDENTIFIER = br.com.unip.DesignSystem;
				PRODUCT_NAME = "$(TARGET_NAME:c99extidentifier)";
				SKIP_INSTALL = YES;
				SWIFT_EMIT_LOC_STRINGS = YES;
				SWIFT_VERSION = 5.0;
				TARGETED_DEVICE_FAMILY = "1,2";
			};
			name = Debug;
		};
		B56547D62A903B050086CCB6 /* Release */ = {
			isa = XCBuildConfiguration;
			buildSettings = {
				CODE_SIGN_STYLE = Automatic;
				CURRENT_PROJECT_VERSION = 1;
				DEFINES_MODULE = YES;
				DEVELOPMENT_TEAM = W57RM6BW9G;
				DYLIB_COMPATIBILITY_VERSION = 1;
				DYLIB_CURRENT_VERSION = 1;
				DYLIB_INSTALL_NAME_BASE = "@rpath";
				ENABLE_MODULE_VERIFIER = YES;
				GENERATE_INFOPLIST_FILE = YES;
				INFOPLIST_FILE = DesignSystem/Info.plist;
				INFOPLIST_KEY_NSHumanReadableCopyright = "";
				INSTALL_PATH = "$(LOCAL_LIBRARY_DIR)/Frameworks";
				LD_RUNPATH_SEARCH_PATHS = (
					"$(inherited)",
					"@executable_path/Frameworks",
					"@loader_path/Frameworks",
				);
				MARKETING_VERSION = 1.0;
				MODULE_VERIFIER_SUPPORTED_LANGUAGES = "objective-c objective-c++";
				MODULE_VERIFIER_SUPPORTED_LANGUAGE_STANDARDS = "gnu11 gnu++20";
				PRODUCT_BUNDLE_IDENTIFIER = br.com.unip.DesignSystem;
				PRODUCT_NAME = "$(TARGET_NAME:c99extidentifier)";
				SKIP_INSTALL = YES;
				SWIFT_EMIT_LOC_STRINGS = YES;
				SWIFT_VERSION = 5.0;
				TARGETED_DEVICE_FAMILY = "1,2";
			};
			name = Release;
		};
/* End XCBuildConfiguration section */

/* Begin XCConfigurationList section */
		B56547C52A903B050086CCB6 /* Build configuration list for PBXProject "DesignSystem" */ = {
			isa = XCConfigurationList;
			buildConfigurations = (
				B56547D22A903B050086CCB6 /* Debug */,
				B56547D32A903B050086CCB6 /* Release */,
			);
			defaultConfigurationIsVisible = 0;
			defaultConfigurationName = Release;
		};
		B56547D42A903B050086CCB6 /* Build configuration list for PBXNativeTarget "DesignSystem" */ = {
			isa = XCConfigurationList;
			buildConfigurations = (
				B56547D52A903B050086CCB6 /* Debug */,
				B56547D62A903B050086CCB6 /* Release */,
			);
			defaultConfigurationIsVisible = 0;
			defaultConfigurationName = Release;
		};
/* End XCConfigurationList section */

/* Begin XCRemoteSwiftPackageReference section */
		B56547F42A9048BC0086CCB6 /* XCRemoteSwiftPackageReference "SwiftUI-Custom-TextField" */ = {
			isa = XCRemoteSwiftPackageReference;
			repositoryURL = "https://github.com/esatgozcu/SwiftUI-Custom-TextField";
			requirement = {
				branch = main;
				kind = branch;
			};
		};
/* End XCRemoteSwiftPackageReference section */

/* Begin XCSwiftPackageProductDependency section */
		B56547F52A9048BC0086CCB6 /* CustomTextField */ = {
			isa = XCSwiftPackageProductDependency;
			package = B56547F42A9048BC0086CCB6 /* XCRemoteSwiftPackageReference "SwiftUI-Custom-TextField" */;
			productName = CustomTextField;
		};
/* End XCSwiftPackageProductDependency section */
	};
	rootObject = B56547C22A903B050086CCB6 /* Project object */;
}
