{
  "pins" : [
    {
      "identity" : "swiftui-custom-textfield",
      "kind" : "remoteSourceControl",
      "location" : "https://github.com/esatgozcu/SwiftUI-Custom-TextField",
      "state" : {
        "branch" : "main",
        "revision" : "39ab56a35a19fe87749769df32f929ec62bcbc6f"
      }
    }
  ],
  "version" : 2
}
